
Microsoft Visual Studio Solution File, Format Version 12.00
# Visual Studio Version 17
VisualStudioVersion = 17.9.34723.18
MinimumVisualStudioVersion = 10.0.40219.1
Project("{FAE04EC0-301F-11D3-BF4B-00C04F79EFBC}") = "Labb2-ImagesServices", "Labb2-ImagesServices\Labb2-ImagesServices.csproj", "{3EDF1E82-502E-4C8E-8E6F-ADA60AAECEDD}"
EndProject
Global
	GlobalSection(SolutionConfigurationPlatforms) = preSolution
		Debug|Any CPU = Debug|Any CPU
		Release|Any CPU = Release|Any CPU
	EndGlobalSection
	GlobalSection(ProjectConfigurationPlatforms) = postSolution
		{3EDF1E82-502E-4C8E-8E6F-ADA60AAECEDD}.Debug|Any CPU.ActiveCfg = Debug|Any CPU
		{3EDF1E82-502E-4C8E-8E6F-ADA60AAECEDD}.Debug|Any CPU.Build.0 = Debug|Any CPU
		{3EDF1E82-502E-4C8E-8E6F-ADA60AAECEDD}.Release|Any CPU.ActiveCfg = Release|Any CPU
		{3EDF1E82-502E-4C8E-8E6F-ADA60AAECEDD}.Release|Any CPU.Build.0 = Release|Any CPU
	EndGlobalSection
	GlobalSection(SolutionProperties) = preSolution
		HideSolutionNode = FALSE
	EndGlobalSection
	GlobalSection(ExtensibilityGlobals) = postSolution
		SolutionGuid = {5E67B6FB-9702-4E89-B76C-30D5AC1282A0}
	EndGlobalSection
EndGlobal
